
Microsoft Visual Studio Solution File, Format Version 12.00
Project("{FAE04EC0-301F-11D3-BF4B-00C04F79EFBC}") = "DigitalKeyMarket.Service", "DigitalKeyMarket.Service\DigitalKeyMarket.Service.csproj", "{3B3C9309-5A93-4481-9662-61C2955ABE91}"
EndProject
Project("{FAE04EC0-301F-11D3-BF4B-00C04F79EFBC}") = "DigitalKeyMarket.DataAccess", "DigitalKeyMarket.DataAccess\DigitalKeyMarket.DataAccess.csproj", "{0FC561E1-9401-4A71-AD57-C37AB303BE5F}"
EndProject
Global
	GlobalSection(SolutionConfigurationPlatforms) = preSolution
		Debug|Any CPU = Debug|Any CPU
		Release|Any CPU = Release|Any CPU
	EndGlobalSection
	GlobalSection(ProjectConfigurationPlatforms) = postSolution
		{3B3C9309-5A93-4481-9662-61C2955ABE91}.Debug|Any CPU.ActiveCfg = Debug|Any CPU
		{3B3C9309-5A93-4481-9662-61C2955ABE91}.Debug|Any CPU.Build.0 = Debug|Any CPU
		{3B3C9309-5A93-4481-9662-61C2955ABE91}.Release|Any CPU.ActiveCfg = Release|Any CPU
		{3B3C9309-5A93-4481-9662-61C2955ABE91}.Release|Any CPU.Build.0 = Release|Any CPU
		{0FC561E1-9401-4A71-AD57-C37AB303BE5F}.Debug|Any CPU.ActiveCfg = Debug|Any CPU
		{0FC561E1-9401-4A71-AD57-C37AB303BE5F}.Debug|Any CPU.Build.0 = Debug|Any CPU
		{0FC561E1-9401-4A71-AD57-C37AB303BE5F}.Release|Any CPU.ActiveCfg = Release|Any CPU
		{0FC561E1-9401-4A71-AD57-C37AB303BE5F}.Release|Any CPU.Build.0 = Release|Any CPU
	EndGlobalSection
EndGlobal
